{
    "_meta": {
        "hash": {
            "sha256": "792b083275c3fdfeca9d5674f44b04b87660676a7eb874f21f00f1cdfada974c"
        },
        "pipfile-spec": 6,
        "requires": {
            "python_version": "3.12"
        },
        "sources": [
            {
                "name": "pypi",
                "url": "https://pypi.org/simple",
                "verify_ssl": true
            }
        ]
    },
    "default": {
        "click": {
            "hashes": [
                "sha256:63c132bbbed01578a06712a2d1f497bb62d9c1c0d329b7903a866228027263b2",
                "sha256:ed53c9d8990d83c2a27deae68e4ee337473f6330c040a31d4225c9574d16096a"
            ],
            "markers": "python_version >= '3.7'",
            "version": "==8.1.8"
        },
        "colorama": {
            "hashes": [
                "sha256:08695f5cb7ed6e0531a20572697297273c47b8cae5a63ffc6d6ed5c201be6e44",
                "sha256:4f1d9991f5acc0ca119f9d443620b77f9d6b33703e51011c16baf57afb285fc6"
            ],
            "markers": "python_version >= '2.7' and python_version not in '3.0, 3.1, 3.2, 3.3, 3.4, 3.5, 3.6'",
            "version": "==0.4.6"
        },
        "coverage": {
            "hashes": [
                "sha256:042e7841a26498fff7a37d6fda770d17519982f5b7d8bf5278d140b67b61095f",
                "sha256:04bfec25a8ef1c5f41f5e7e5c842f6b615599ca8ba8391ec33a9290d9d2db3a3",
                "sha256:0915742f4c82208ebf47a2b154a5334155ed9ef9fe6190674b8a46c2fb89cb05",
                "sha256:18c5ae6d061ad5b3e7eef4363fb27a0576012a7447af48be6c75b88494c6cf25",
                "sha256:2931f66991175369859b5fd58529cd4b73582461877ecfd859b6549869287ffe",
                "sha256:2e4b6b87bb0c846a9315e3ab4be2d52fac905100565f4b92f02c445c8799e257",
                "sha256:3043ba1c88b2139126fc72cb48574b90e2e0546d4c78b5299317f61b7f718b78",
                "sha256:379fe315e206b14e21db5240f89dc0774bdd3e25c3c58c2c733c99eca96f1ada",
                "sha256:42421e04069fb2cbcbca5a696c4050b84a43b05392679d4068acbe65449b5c64",
                "sha256:4dfd9a93db9e78666d178d4f08a5408aa3f2474ad4d0e0378ed5f2ef71640cb6",
                "sha256:52a523153c568d2c0ef8826f6cc23031dc86cffb8c6aeab92c4ff776e7951b28",
                "sha256:554fec1199d93ab30adaa751db68acec2b41c5602ac944bb19187cb9a41a8067",
                "sha256:581a40c7b94921fffd6457ffe532259813fc68eb2bdda60fa8cc343414ce3733",
                "sha256:5a26c0c795c3e0b63ec7da6efded5f0bc856d7c0b24b2ac84b4d1d7bc578d676",
                "sha256:5a570cd9bd20b85d1a0d7b009aaf6c110b52b5755c17be6962f8ccd65d1dbd23",
                "sha256:5aaeb00761f985007b38cf463b1d160a14a22c34eb3f6a39d9ad6fc27cb73008",
                "sha256:5ac46d0c2dd5820ce93943a501ac5f6548ea81594777ca585bf002aa8854cacd",
                "sha256:5c8a5c139aae4c35cbd7cadca1df02ea8cf28a911534fc1b0456acb0b14234f3",
                "sha256:6b8af63b9afa1031c0ef05b217faa598f3069148eeee6bb24b79da9012423b82",
                "sha256:769773614e676f9d8e8a0980dd7740f09a6ea386d0f383db6821df07d0f08545",
                "sha256:771eb7587a0563ca5bb6f622b9ed7f9d07bd08900f7589b4febff05f469bea00",
                "sha256:77af0f6447a582fdc7de5e06fa3757a3ef87769fbb0fdbdeba78c23049140a47",
                "sha256:7a3d62b3b03b4b6fd41a085f3574874cf946cb4604d2b4d3e8dca8cd570ca501",
                "sha256:821f7bcbaa84318287115d54becb1915eece6918136c6f91045bb84e2f88739d",
                "sha256:89b1f4af0d4afe495cd4787a68e00f30f1d15939f550e869de90a86efa7e0814",
                "sha256:8a1d96e780bdb2d0cbb297325711701f7c0b6f89199a57f2049e90064c29f6bd",
                "sha256:8a40fcf208e021eb14b0fac6bdb045c0e0cab53105f93ba0d03fd934c956143a",
                "sha256:8f99eb72bf27cbb167b636eb1726f590c00e1ad375002230607a844d9e9a2318",
                "sha256:90e7fbc6216ecaffa5a880cdc9c77b7418c1dcb166166b78dbc630d07f278cc3",
                "sha256:94ec0be97723ae72d63d3aa41961a0b9a6f5a53ff599813c324548d18e3b9e8c",
                "sha256:95aa6ae391a22bbbce1b77ddac846c98c5473de0372ba5c463480043a07bff42",
                "sha256:96121edfa4c2dfdda409877ea8608dd01de816a4dc4a0523356067b305e4e17a",
                "sha256:a1f406a8e0995d654b2ad87c62caf6befa767885301f3b8f6f73e6f3c31ec3a6",
                "sha256:a321c61477ff8ee705b8a5fed370b5710c56b3a52d17b983d9215861e37b642a",
                "sha256:a5761c70c017c1b0d21b0815a920ffb94a670c8d5d409d9b38857874c21f70d7",
                "sha256:a9abbccd778d98e9c7e85038e35e91e67f5b520776781d9a1e2ee9d400869487",
                "sha256:ad80e6b4a0c3cb6f10f29ae4c60e991f424e6b14219d46f1e7d442b938ee68a4",
                "sha256:b44674870709017e4b4036e3d0d6c17f06a0e6d4436422e0ad29b882c40697d2",
                "sha256:b571bf5341ba8c6bc02e0baeaf3b061ab993bf372d982ae509807e7f112554e9",
                "sha256:b8194fb8e50d556d5849753de991d390c5a1edeeba50f68e3a9253fbd8bf8ccd",
                "sha256:b87eb6fc9e1bb8f98892a2458781348fa37e6925f35bb6ceb9d4afd54ba36c73",
                "sha256:bbb5cc845a0292e0c520656d19d7ce40e18d0e19b22cb3e0409135a575bf79fc",
                "sha256:be945402e03de47ba1872cd5236395e0f4ad635526185a930735f66710e1bd3f",
                "sha256:bf13d564d310c156d1c8e53877baf2993fb3073b2fc9f69790ca6a732eb4bfea",
                "sha256:cf60dd2696b457b710dd40bf17ad269d5f5457b96442f7f85722bdb16fa6c899",
                "sha256:d1ba00ae33be84066cfbe7361d4e04dec78445b2b88bdb734d0d1cbab916025a",
                "sha256:d39fc4817fd67b3915256af5dda75fd4ee10621a3d484524487e33416c6f3543",
                "sha256:d766a4f0e5aa1ba056ec3496243150698dc0481902e2b8559314368717be82b1",
                "sha256:dbf364b4c5e7bae9250528167dfe40219b62e2d573c854d74be213e1e52069f7",
                "sha256:dd19608788b50eed889e13a5d71d832edc34fc9dfce606f66e8f9f917eef910d",
                "sha256:e013b07ba1c748dacc2a80e69a46286ff145935f260eb8c72df7185bf048f502",
                "sha256:e5d2b9be5b0693cf21eb4ce0ec8d211efb43966f6657807f6859aab3814f946b",
                "sha256:e5ff52d790c7e1628241ffbcaeb33e07d14b007b6eb00a19320c7b8a7024c040",
                "sha256:e75a2ad7b647fd8046d58c3132d7eaf31b12d8a53c0e4b21fa9c4d23d6ee6d3c",
                "sha256:e7ac22a0bb2c7c49f441f7a6d46c9c80d96e56f5a8bc6972529ed43c8b694e27",
                "sha256:ed2144b8a78f9d94d9515963ed273d620e07846acd5d4b0a642d4849e8d91a0c",
                "sha256:f017a61399f13aa6d1039f75cd467be388d157cd81f1a119b9d9a68ba6f2830d",
                "sha256:f1d8a2a57b47142b10374902777e798784abf400a004b14f1b0b9eaf1e528ba4",
                "sha256:f2d32f95922927186c6dbc8bc60df0d186b6edb828d299ab10898ef3f40052fe",
                "sha256:f319bae0321bc838e205bf9e5bc28f0a3165f30c203b610f17ab5552cff90323",
                "sha256:f3c38e4e5ccbdc9198aecc766cedbb134b2d89bf64533973678dfcf07effd883",
                "sha256:f9983d01d7705b2d1f7a95e10bbe4091fabc03a46881a256c2787637b087003f",
                "sha256:fa260de59dfb143af06dcf30c2be0b200bed2a73737a8a59248fcb9fa601ef0f"
            ],
            "markers": "python_version >= '3.9'",
            "version": "==7.8.0"
        },
        "flask": {
            "hashes": [
                "sha256:58107ed83443e86067e41eff4631b058178191a355886f8e479e347fa1285fdf",
                "sha256:edee9b0a7ff26621bd5a8c10ff484ae28737a2410d99b0bb9a6850c7fb977aa0"
            ],
            "index": "pypi",
            "markers": "python_version >= '3.7'",
            "version": "==2.2.5"
        },
        "flask-cors": {
            "hashes": [
                "sha256:74efc975af1194fc7891ff5cd85b0f7478be4f7f59fe158102e91abb72bb4438",
                "sha256:b60839393f3b84a0f3746f6cdca56c1ad7426aa738b70d6c61375857823181de"
            ],
            "index": "pypi",
            "version": "==3.0.10"
        },
        "flask-pymongo": {
            "hashes": [
                "sha256:620eb02dc8808a5fcb90f26cab6cba9d6bf497b15032ae3ca99df80366e33314",
                "sha256:8a9577a2c6d00b49f21cb5a5a8d72561730364a2d745551a85349ab02f86fc73"
            ],
            "index": "pypi",
            "version": "==2.3.0"
        },
        "gunicorn": {
            "hashes": [
                "sha256:9dcc4547dbb1cb284accfb15ab5667a0e5d1881cc443e0677b4882a4067a807e",
                "sha256:e0a968b5ba15f8a328fdfd7ab1fcb5af4470c28aaf7e55df02a99bc13138e6e8"
            ],
            "index": "pypi",
            "markers": "python_version >= '3.5'",
            "version": "==20.1.0"
        },
        "iniconfig": {
            "hashes": [
                "sha256:3abbd2e30b36733fee78f9c7f7308f2d0050e88f0087fd25c2645f63c773e1c7",
                "sha256:9deba5723312380e77435581c6bf4935c94cbfab9b1ed33ef8d238ea168eb760"
            ],
            "markers": "python_version >= '3.8'",
            "version": "==2.1.0"
        },
        "itsdangerous": {
            "hashes": [
                "sha256:c6242fc49e35958c8b15141343aa660db5fc54d4f13a1db01a3f5891b98700ef",
                "sha256:e0050c0b7da1eea53ffaf149c0cfbb5c6e2e2b69c4bef22c81fa6eb73e5f6173"
            ],
            "markers": "python_version >= '3.8'",
            "version": "==2.2.0"
        },
        "jinja2": {
            "hashes": [
                "sha256:0137fb05990d35f1275a587e9aee6d56da821fc83491a0fb838183be43f66d6d",
                "sha256:85ece4451f492d0c13c5dd7c13a64681a86afae63a5f347908daf103ce6d2f67"
            ],
            "markers": "python_version >= '3.7'",
            "version": "==3.1.6"
        },
        "markupsafe": {
            "hashes": [
                "sha256:0bff5e0ae4ef2e1ae4fdf2dfd5b76c75e5c2fa4132d05fc1b0dabcd20c7e28c4",
                "sha256:0f4ca02bea9a23221c0182836703cbf8930c5e9454bacce27e767509fa286a30",
                "sha256:1225beacc926f536dc82e45f8a4d68502949dc67eea90eab715dea3a21c1b5f0",
                "sha256:131a3c7689c85f5ad20f9f6fb1b866f402c445b220c19fe4308c0b147ccd2ad9",
                "sha256:15ab75ef81add55874e7ab7055e9c397312385bd9ced94920f2802310c930396",
                "sha256:1a9d3f5f0901fdec14d8d2f66ef7d035f2157240a433441719ac9a3fba440b13",
                "sha256:1c99d261bd2d5f6b59325c92c73df481e05e57f19837bdca8413b9eac4bd8028",
                "sha256:1e084f686b92e5b83186b07e8a17fc09e38fff551f3602b249881fec658d3eca",
                "sha256:2181e67807fc2fa785d0592dc2d6206c019b9502410671cc905d132a92866557",
                "sha256:2cb8438c3cbb25e220c2ab33bb226559e7afb3baec11c4f218ffa7308603c832",
                "sha256:3169b1eefae027567d1ce6ee7cae382c57fe26e82775f460f0b2778beaad66c0",
                "sha256:3809ede931876f5b2ec92eef964286840ed3540dadf803dd570c3b7e13141a3b",
                "sha256:38a9ef736c01fccdd6600705b09dc574584b89bea478200c5fbf112a6b0d5579",
                "sha256:3d79d162e7be8f996986c064d1c7c817f6df3a77fe3d6859f6f9e7be4b8c213a",
                "sha256:444dcda765c8a838eaae23112db52f1efaf750daddb2d9ca300bcae1039adc5c",
                "sha256:48032821bbdf20f5799ff537c7ac3d1fba0ba032cfc06194faffa8cda8b560ff",
                "sha256:4aa4e5faecf353ed117801a068ebab7b7e09ffb6e1d5e412dc852e0da018126c",
                "sha256:52305740fe773d09cffb16f8ed0427942901f00adedac82ec8b67752f58a1b22",
                "sha256:569511d3b58c8791ab4c2e1285575265991e6d8f8700c7be0e88f86cb0672094",
                "sha256:57cb5a3cf367aeb1d316576250f65edec5bb3be939e9247ae594b4bcbc317dfb",
                "sha256:5b02fb34468b6aaa40dfc198d813a641e3a63b98c2b05a16b9f80b7ec314185e",
                "sha256:6381026f158fdb7c72a168278597a5e3a5222e83ea18f543112b2662a9b699c5",
                "sha256:6af100e168aa82a50e186c82875a5893c5597a0c1ccdb0d8b40240b1f28b969a",
                "sha256:6c89876f41da747c8d3677a2b540fb32ef5715f97b66eeb0c6b66f5e3ef6f59d",
                "sha256:6e296a513ca3d94054c2c881cc913116e90fd030ad1c656b3869762b754f5f8a",
                "sha256:70a87b411535ccad5ef2f1df5136506a10775d267e197e4cf531ced10537bd6b",
                "sha256:7e94c425039cde14257288fd61dcfb01963e658efbc0ff54f5306b06054700f8",
                "sha256:846ade7b71e3536c4e56b386c2a47adf5741d2d8b94ec9dc3e92e5e1ee1e2225",
                "sha256:88416bd1e65dcea10bc7569faacb2c20ce071dd1f87539ca2ab364bf6231393c",
                "sha256:88b49a3b9ff31e19998750c38e030fc7bb937398b1f78cfa599aaef92d693144",
                "sha256:8c4e8c3ce11e1f92f6536ff07154f9d49677ebaaafc32db9db4620bc11ed480f",
                "sha256:8e06879fc22a25ca47312fbe7c8264eb0b662f6db27cb2d3bbbc74b1df4b9b87",
                "sha256:9025b4018f3a1314059769c7bf15441064b2207cb3f065e6ea1e7359cb46db9d",
                "sha256:93335ca3812df2f366e80509ae119189886b0f3c2b81325d39efdb84a1e2ae93",
                "sha256:9778bd8ab0a994ebf6f84c2b949e65736d5575320a17ae8984a77fab08db94cf",
                "sha256:9e2d922824181480953426608b81967de705c3cef4d1af983af849d7bd619158",
                "sha256:a123e330ef0853c6e822384873bef7507557d8e4a082961e1defa947aa59ba84",
                "sha256:a904af0a6162c73e3edcb969eeeb53a63ceeb5d8cf642fade7d39e7963a22ddb",
                "sha256:ad10d3ded218f1039f11a75f8091880239651b52e9bb592ca27de44eed242a48",
                "sha256:b424c77b206d63d500bcb69fa55ed8d0e6a3774056bdc4839fc9298a7edca171",
                "sha256:b5a6b3ada725cea8a5e634536b1b01c30bcdcd7f9c6fff4151548d5bf6b3a36c",
                "sha256:ba8062ed2cf21c07a9e295d5b8a2a5ce678b913b45fdf68c32d95d6c1291e0b6",
                "sha256:ba9527cdd4c926ed0760bc301f6728ef34d841f405abf9d4f959c478421e4efd",
                "sha256:bbcb445fa71794da8f178f0f6d66789a28d7319071af7a496d4d507ed566270d",
                "sha256:bcf3e58998965654fdaff38e58584d8937aa3096ab5354d493c77d1fdd66d7a1",
                "sha256:c0ef13eaeee5b615fb07c9a7dadb38eac06a0608b41570d8ade51c56539e509d",
                "sha256:cabc348d87e913db6ab4aa100f01b08f481097838bdddf7c7a84b7575b7309ca",
                "sha256:cdb82a876c47801bb54a690c5ae105a46b392ac6099881cdfb9f6e95e4014c6a",
                "sha256:cfad01eed2c2e0c01fd0ecd2ef42c492f7f93902e39a42fc9ee1692961443a29",
                "sha256:d16a81a06776313e817c951135cf7340a3e91e8c1ff2fac444cfd75fffa04afe",
                "sha256:d8213e09c917a951de9d09ecee036d5c7d36cb6cb7dbaece4c71a60d79fb9798",
                "sha256:e07c3764494e3776c602c1e78e298937c3315ccc9043ead7e685b7f2b8d47b3c",
                "sha256:e17c96c14e19278594aa4841ec148115f9c7615a47382ecb6b82bd8fea3ab0c8",
                "sha256:e444a31f8db13eb18ada366ab3cf45fd4b31e4db1236a4448f68778c1d1a5a2f",
                "sha256:e6a2a455bd412959b57a172ce6328d2dd1f01cb2135efda2e4576e8a23fa3b0f",
                "sha256:eaa0a10b7f72326f1372a713e73c3f739b524b3af41feb43e4921cb529f5929a",
                "sha256:eb7972a85c54febfb25b5c4b4f3af4dcc731994c7da0d8a0b4a6eb0640e1d178",
                "sha256:ee55d3edf80167e48ea11a923c7386f4669df67d7994554387f84e7d8b0a2bf0",
                "sha256:f3818cb119498c0678015754eba762e0d61e5b52d34c8b13d770f0719f7b1d79",
                "sha256:f8b3d067f2e40fe93e1ccdd6b2e1d16c43140e76f02fb1319a05cf2b79d99430",
                "sha256:fcabf5ff6eea076f859677f5f0b6b5c1a51e70a376b0579e0eadef8db48c6b50"
            ],
            "markers": "python_version >= '3.9'",
            "version": "==3.0.2"
        },
        "packaging": {
            "hashes": [
                "sha256:29572ef2b1f17581046b3a2227d5c611fb25ec70ca1ba8554b24b0e69331a484",
                "sha256:d443872c98d677bf60f6a1f2f8c1cb748e8fe762d2bf9d3148b5599295b0fc4f"
            ],
            "markers": "python_version >= '3.8'",
            "version": "==25.0"
        },
        "pluggy": {
            "hashes": [
                "sha256:2cffa88e94fdc978c4c574f15f9e59b7f4201d439195c3715ca9e2486f1d0cf1",
                "sha256:44e1ad92c8ca002de6377e165f3e0f1be63266ab4d554740532335b9d75ea669"
            ],
            "markers": "python_version >= '3.8'",
            "version": "==1.5.0"
        },
        "pymongo": {
            "hashes": [
                "sha256:0238e53b452ab699b5e2e3f8af2557844c80ab0d0c7a0e066226882838e72756",
                "sha256:0271bbba36bb130202e011171c1883c4c193036ad0b1e02ecfbea6837790b7de",
                "sha256:069d49b193f94bb1d748cfd8faf697060a2299f40d86bf5b6d41dd3cedf0fd48",
                "sha256:06af6e6374ee2bb70f724e09ddf9402907a3d6714828b908737948cd83e5685c",
                "sha256:0c77cd3dbe0dd9e7cdf8c93dc24e5a4fcb56e115ffb259d4f399e4aaf3f3c62d",
                "sha256:0e9a2628bcd896368ede456bcfe189d9ca65b18fb0dd91974cb734baf2e24af9",
                "sha256:12d336bdbe60982de55651be397b5e49d7eadd2aa144f11da353002cd52502ed",
                "sha256:132cc67b909835d7c230888387b4cc9596d4559a3ce90d947e03bc0b0ffe420b",
                "sha256:13d0624c13a91da71fa0d960205d93b3d98344481be865ee7cc238c972d41d73",
                "sha256:1498f388181ae5592c7b60549faaefaffc62d6e3754097576611cb642d21d37b",
                "sha256:1617fd52da7b208fe5ea176d251dd7cf1b5309e5a4272754b9599edfdf7e64e5",
                "sha256:177ed1b14aa4f84f00ebef1b0f785680fbaa610361942b23eb54f562fe4c6b34",
                "sha256:186b2ff4518c1c169fcef5047deb0e6c13a2354d143859587e745fd9f2cf68e9",
                "sha256:1ba8eb426d56556fffec53d600a8f2572589c19d50b30f61daa8f4d72ab92fbe",
                "sha256:1c153274699424e8f89f2097d5113f8cbe7898a8d62afaad0270a0f0bd0af53b",
                "sha256:1fd71b4d7070b01c7f66edc44c1ec2f8bcace2761c3a6ecc10449a40e474d2fa",
                "sha256:28afb00423e521f4b04fb8f75da7c0215e46631e821e27abf5a7176f9b671f47",
                "sha256:349c8e522e0b785f442fc9d7fc01c59f7f13f1abe9395310d0d817cff03ec034",
                "sha256:35a5843546bcbe0422f30b4b2bd5e0b630b04cc4006492c70e8168a921d94b9e",
                "sha256:38b21eddd021a943b1978b0a3d42e974956a338e3dbb88d56aeb8b8799abd6e8",
                "sha256:3a4eb0a4db8a2d960bdd5354f05e2e57530e83d333cb644fb2b7120a7a954a69",
                "sha256:40269fe6bb79fe00c8ba7c2f2d542a82711eb234c3dedb90b7e489386120e9d1",
                "sha256:426584e99af31ad2398e617c3eb0f1ebcda37f0ffb2d3e56087cdaf23a2f1689",
                "sha256:47a58f15fc70198cf95982f9699e17fec12287b90f30e90c5e2b7c1c1bc07914",
                "sha256:512059a902ea2cbcd0afac370af580e67ccd4c7e41ecaff0f0fbd03653b25ca2",
                "sha256:51664dac8d9b138259876f324adca5ab31d991acf88d1d0ffcc94f423ff2e31b",
                "sha256:59a4a5fe5379e4fa93380fd0b55bccbdbeb8d04fcfbbad8b42bd31610d5ed3ad",
                "sha256:5cbfa85a12cfe3dca21951cd432051c505ac461bd9f4a635207d982dd9df2373",
                "sha256:5fea4207fec8909e155a7948c987eac61949dbbe97fd0c388e587d06ba9bc78d",
                "sha256:6183476860511cb553a7e4c40936221b6985af7852029c84df898370ec8a028c",
                "sha256:62459b91a513a7b441cfd70ea7fd15c50b858877ca823915d32bab08fe173edb",
                "sha256:633ca2001f80900142068bab907feca99554b557ac105c74a9ed157ed38ca5d6",
                "sha256:65f8a93816dcb2202710839907759aca9eece94d9f13215686f224fcc8966f9e",
                "sha256:686c40344f7f82c4deaa4e17aa46ad97df51263be1434aeedd2d6b6f38c7f44a",
                "sha256:6cd7a4321e718cb98a7c7c475b0757e77fdaf1cdb013d7d2e781ba45219e1144",
                "sha256:6f0605b1146bc24c720aac0e806492144aea9d5a4dc956589e0544301862756a",
                "sha256:716499113650aacfe1b94d37e0a863f1e84b8d47737c74a2f44f8dfccad46952",
                "sha256:71810eade75ae1c466adc158d1fa8141040f75427b76240316d97f3c89edd72f",
                "sha256:72a0c06b76b254bdec18af9add3b8d35796dda51e64a5e0e48d40bff7b41ab13",
                "sha256:7450b25a803b0f57dae4c3fbd0df742f7f3344c3c9cabb86e4180083c3ebd893",
                "sha256:75e449ab068af63b7729195343315bc63d242166d88467314be182cc54ce235d",
                "sha256:7629abba158610cb5db6c22041b287f9398555d72bf9468d44d2efc03d837b81",
                "sha256:774b9f48bdc385af6654def31e7a7617e01b99cc8aaca1ab3ef6ea0492205e57",
                "sha256:7a091050bb8d54a5200193b4998e0cf763d083f93d97c7780963c09996f85a38",
                "sha256:7bdb66340e246b5dcddfcfe79a63ac2ec3808dc394853476f49fc785425040f4",
                "sha256:812650a2e8a08b812d6a3c937f482bd2c9355e90574964fa283b4d8ef4ae665e",
                "sha256:84eec41ed982f21ceb58689e16a630a70301eb14499c929388a5bf6464518d9d",
                "sha256:86d0e28dd5867153d9d9963a4eb17764854a925758fc2db0a814260f82fd4319",
                "sha256:87dce7c85387ca033cf76cce773ace7675550dcffc456db32a34403439e53e45",
                "sha256:8869feff59f08cd63979df26aa12343a85bdc7fbd1b79fda8ae39f31a310fa62",
                "sha256:8baf23d6a0a08b697854e5bcdf82afb91da732cf575fd47ee93945c3654132d8",
                "sha256:8da525765dbcc1b7abf1bba623f9f701d8759a8fb19594cd71a13b7b0c2c56bd",
                "sha256:9043bfb816ed50d831acc8d06469dcc41597b4f50c30e62227a93f9f9e37d6c7",
                "sha256:91c049104b51321e4e18d41edc6850d9f0890ac609b3cb3b8db86dc51666de17",
                "sha256:93c25fbb5dbc436edbb74101f4da49a42bd3af534513fdf8e75fc72ef035d5e0",
                "sha256:953129b6b952a9d22042ac23050053444624f630e1928f5f590788660905fa9c",
                "sha256:9ff0dbec451a2c6226bbd6f2bbbde438bc263e002f3f97d151c8708732ba5197",
                "sha256:a47f4b24b1360da172cae07ce90e9bd425b6db0052d76142c7fef47173a27283",
                "sha256:a57e271a0647002b5683dd0c7c2fd7f5fb939357c44396d85298e51a3561b9e3",
                "sha256:b0606d14892ae2a2b1450e37c8924381e9b64683386a9853e4467f02fd5b44b6",
                "sha256:b73ff8582964f52ab1bf1a9fdddc1454143172a0b8a9d7d6e3972dd1134f7982",
                "sha256:bf6047dea1bc8ae19fc14e01b5cb70b3810f91b100d9a535751dd3eadcd3016c",
                "sha256:c0efc5ab7d9b9e64726496bf650dbc7f1754124a48d076e5292cc5306e61a530",
                "sha256:c86a0614eda95db036fae01a89f3917d7abdc657c806bac2a32eec74724d9330",
                "sha256:c878286b1464f462616a47f315d14f02f03512c6b81cb568e996c3f1f79bff8a",
                "sha256:cd4cde3dfdd347d638171eca53ee6e787d4b1247c6e182f8616039b1df6278d5",
                "sha256:ceb9a4986f56595e73fffeef3ec037280eda938ed5fe6e4e0961656669d89b32",
                "sha256:d419e2dbc4943ad6df7ee05e707d7b2c2b512b92407bb6ff643bccbdea399c3a",
                "sha256:d66462f740dcea496bd779775688a0f805860f0b01998bb59ca22566b098ee26",
                "sha256:d7514231a03e95072b32d9b335b96253799802ab94647ce83585d5010749380a",
                "sha256:d9f61b08b60909d936c1f3a4e12c163ca71fd1a4665fc6e078afc6f54f886977",
                "sha256:da576e59f5f8a642ee26d027479325a45be45defe075b6fa7c84506dabc76883",
                "sha256:ddaf391ba74eef47eb5afbc40d0b6ddcdbdb417ec8edc8ae95352d25485076db",
                "sha256:e2b6a323ca545bcb4286d14c0bd75d9a1f5bce2fa1d7fa3621e5f71fd9b8d196",
                "sha256:e3f6faea65a73ed54111f209b4a411fe012c68f04e8bde96dd7af89b13cac92b",
                "sha256:e4e36810c541bd1976cd05452e797860b775886cf32c3e8136b9fe48c2c8ba95",
                "sha256:e5441f4c8142a250695e249e432637c14f79d856a2b60e0974da082e006c53e2",
                "sha256:e7aedefc87cb46544a3865a19c1d5ca7ddf5ec5ed7dfe162d9538d7543aef499",
                "sha256:ee2c1fd5bd57fd0092dfa31c1f9f166cf2850f191311603ce343cadcc8608d60",
                "sha256:f2b6e12f98cce588525f3db802c88f9795d294549ebfe7c2c9bb81333f533ecd",
                "sha256:f333c0d71dd892683e608f8d1731785a0aa67b1ec012b0d9fc863e8d7224f64e",
                "sha256:f3e20eb096deea92350f7198a4287d45883a62fe4459d027ce789e72ceba12ee",
                "sha256:f785375ca2b4e2192786f1e0d2a94c66900d12e780ebae1eccbbab85eb9a7054"
            ],
            "index": "pypi",
            "markers": "python_version >= '3.6'",
            "version": "==4.0.1"
        },
        "pytest": {
            "hashes": [
                "sha256:c69214aa47deac29fad6c2a4f590b9c4a9fdb16a403176fe154b79c0b4d4d820",
                "sha256:f4efe70cc14e511565ac476b57c279e12a855b11f48f212af1080ef2263d3845"
            ],
            "index": "pypi",
            "markers": "python_version >= '3.8'",
            "version": "==8.3.5"
        },
        "pytest-cov": {
            "hashes": [
                "sha256:261bb9e47e65bd099c89c3edf92972865210c36813f80ede5277dceb77a4a62a",
                "sha256:261ceeb8c227b726249b376b8526b600f38667ee314f910353fa318caa01f4d7"
            ],
            "index": "pypi",
            "markers": "python_version >= '2.7' and python_version not in '3.0, 3.1, 3.2, 3.3, 3.4'",
            "version": "==2.12.1"
        },
        "python-dotenv": {
            "hashes": [
                "sha256:14f8185cc8d494662683e6914addcb7e95374771e707601dfc70166946b4c4b8",
                "sha256:bbd3da593fc49c249397cbfbcc449cf36cb02e75afc8157fcc6a81df6fb7750a"
            ],
            "index": "pypi",
            "markers": "python_version >= '3.5'",
            "version": "==0.19.1"
        },
        "setuptools": {
            "hashes": [
                "sha256:9828422e7541213b0aacb6e10bbf9dd8febeaa45a48570e09b6d100e063fc9f9",
                "sha256:b9ab3a104bedb292323f53797b00864e10e434a3ab3906813a7169e4745b912a"
            ],
            "markers": "python_version >= '3.9'",
            "version": "==79.0.0"
        },
        "six": {
            "hashes": [
                "sha256:4721f391ed90541fddacab5acf947aa0d3dc7d27b2e1e8eda2be8970586c3274",
                "sha256:ff70335d468e7eb6ec65b95b99d3a2836546063f63acc5171de367e834932a81"
            ],
            "markers": "python_version >= '2.7' and python_version not in '3.0, 3.1, 3.2'",
            "version": "==1.17.0"
        },
        "toml": {
            "hashes": [
                "sha256:806143ae5bfb6a3c6e736a764057db0e6a0e05e338b5630894a5f779cabb4f9b",
                "sha256:b3bda1d108d5dd99f4a20d24d9c348e91c4db7ab1b749200bded2f839ccbe68f"
            ],
            "markers": "python_version >= '2.6' and python_version not in '3.0, 3.1, 3.2'",
            "version": "==0.10.2"
        },
        "werkzeug": {
            "hashes": [
                "sha256:2e1ccc9417d4da358b9de6f174e3ac094391ea1d4fbef2d667865d819dfd0afe",
                "sha256:56433961bc1f12533306c624f3be5e744389ac61d722175d543e1751285da612"
            ],
            "index": "pypi",
            "markers": "python_version >= '3.7'",
            "version": "==2.2.3"
        }
    },
    "develop": {
        "colorama": {
            "hashes": [
                "sha256:08695f5cb7ed6e0531a20572697297273c47b8cae5a63ffc6d6ed5c201be6e44",
                "sha256:4f1d9991f5acc0ca119f9d443620b77f9d6b33703e51011c16baf57afb285fc6"
            ],
            "markers": "python_version >= '2.7' and python_version not in '3.0, 3.1, 3.2, 3.3, 3.4, 3.5, 3.6'",
            "version": "==0.4.6"
        },
        "coverage": {
            "hashes": [
                "sha256:042e7841a26498fff7a37d6fda770d17519982f5b7d8bf5278d140b67b61095f",
                "sha256:04bfec25a8ef1c5f41f5e7e5c842f6b615599ca8ba8391ec33a9290d9d2db3a3",
                "sha256:0915742f4c82208ebf47a2b154a5334155ed9ef9fe6190674b8a46c2fb89cb05",
                "sha256:18c5ae6d061ad5b3e7eef4363fb27a0576012a7447af48be6c75b88494c6cf25",
                "sha256:2931f66991175369859b5fd58529cd4b73582461877ecfd859b6549869287ffe",
                "sha256:2e4b6b87bb0c846a9315e3ab4be2d52fac905100565f4b92f02c445c8799e257",
                "sha256:3043ba1c88b2139126fc72cb48574b90e2e0546d4c78b5299317f61b7f718b78",
                "sha256:379fe315e206b14e21db5240f89dc0774bdd3e25c3c58c2c733c99eca96f1ada",
                "sha256:42421e04069fb2cbcbca5a696c4050b84a43b05392679d4068acbe65449b5c64",
                "sha256:4dfd9a93db9e78666d178d4f08a5408aa3f2474ad4d0e0378ed5f2ef71640cb6",
                "sha256:52a523153c568d2c0ef8826f6cc23031dc86cffb8c6aeab92c4ff776e7951b28",
                "sha256:554fec1199d93ab30adaa751db68acec2b41c5602ac944bb19187cb9a41a8067",
                "sha256:581a40c7b94921fffd6457ffe532259813fc68eb2bdda60fa8cc343414ce3733",
                "sha256:5a26c0c795c3e0b63ec7da6efded5f0bc856d7c0b24b2ac84b4d1d7bc578d676",
                "sha256:5a570cd9bd20b85d1a0d7b009aaf6c110b52b5755c17be6962f8ccd65d1dbd23",
                "sha256:5aaeb00761f985007b38cf463b1d160a14a22c34eb3f6a39d9ad6fc27cb73008",
                "sha256:5ac46d0c2dd5820ce93943a501ac5f6548ea81594777ca585bf002aa8854cacd",
                "sha256:5c8a5c139aae4c35cbd7cadca1df02ea8cf28a911534fc1b0456acb0b14234f3",
                "sha256:6b8af63b9afa1031c0ef05b217faa598f3069148eeee6bb24b79da9012423b82",
                "sha256:769773614e676f9d8e8a0980dd7740f09a6ea386d0f383db6821df07d0f08545",
                "sha256:771eb7587a0563ca5bb6f622b9ed7f9d07bd08900f7589b4febff05f469bea00",
                "sha256:77af0f6447a582fdc7de5e06fa3757a3ef87769fbb0fdbdeba78c23049140a47",
                "sha256:7a3d62b3b03b4b6fd41a085f3574874cf946cb4604d2b4d3e8dca8cd570ca501",
                "sha256:821f7bcbaa84318287115d54becb1915eece6918136c6f91045bb84e2f88739d",
                "sha256:89b1f4af0d4afe495cd4787a68e00f30f1d15939f550e869de90a86efa7e0814",
                "sha256:8a1d96e780bdb2d0cbb297325711701f7c0b6f89199a57f2049e90064c29f6bd",
                "sha256:8a40fcf208e021eb14b0fac6bdb045c0e0cab53105f93ba0d03fd934c956143a",
                "sha256:8f99eb72bf27cbb167b636eb1726f590c00e1ad375002230607a844d9e9a2318",
                "sha256:90e7fbc6216ecaffa5a880cdc9c77b7418c1dcb166166b78dbc630d07f278cc3",
                "sha256:94ec0be97723ae72d63d3aa41961a0b9a6f5a53ff599813c324548d18e3b9e8c",
                "sha256:95aa6ae391a22bbbce1b77ddac846c98c5473de0372ba5c463480043a07bff42",
                "sha256:96121edfa4c2dfdda409877ea8608dd01de816a4dc4a0523356067b305e4e17a",
                "sha256:a1f406a8e0995d654b2ad87c62caf6befa767885301f3b8f6f73e6f3c31ec3a6",
                "sha256:a321c61477ff8ee705b8a5fed370b5710c56b3a52d17b983d9215861e37b642a",
                "sha256:a5761c70c017c1b0d21b0815a920ffb94a670c8d5d409d9b38857874c21f70d7",
                "sha256:a9abbccd778d98e9c7e85038e35e91e67f5b520776781d9a1e2ee9d400869487",
                "sha256:ad80e6b4a0c3cb6f10f29ae4c60e991f424e6b14219d46f1e7d442b938ee68a4",
                "sha256:b44674870709017e4b4036e3d0d6c17f06a0e6d4436422e0ad29b882c40697d2",
                "sha256:b571bf5341ba8c6bc02e0baeaf3b061ab993bf372d982ae509807e7f112554e9",
                "sha256:b8194fb8e50d556d5849753de991d390c5a1edeeba50f68e3a9253fbd8bf8ccd",
                "sha256:b87eb6fc9e1bb8f98892a2458781348fa37e6925f35bb6ceb9d4afd54ba36c73",
                "sha256:bbb5cc845a0292e0c520656d19d7ce40e18d0e19b22cb3e0409135a575bf79fc",
                "sha256:be945402e03de47ba1872cd5236395e0f4ad635526185a930735f66710e1bd3f",
                "sha256:bf13d564d310c156d1c8e53877baf2993fb3073b2fc9f69790ca6a732eb4bfea",
                "sha256:cf60dd2696b457b710dd40bf17ad269d5f5457b96442f7f85722bdb16fa6c899",
                "sha256:d1ba00ae33be84066cfbe7361d4e04dec78445b2b88bdb734d0d1cbab916025a",
                "sha256:d39fc4817fd67b3915256af5dda75fd4ee10621a3d484524487e33416c6f3543",
                "sha256:d766a4f0e5aa1ba056ec3496243150698dc0481902e2b8559314368717be82b1",
                "sha256:dbf364b4c5e7bae9250528167dfe40219b62e2d573c854d74be213e1e52069f7",
                "sha256:dd19608788b50eed889e13a5d71d832edc34fc9dfce606f66e8f9f917eef910d",
                "sha256:e013b07ba1c748dacc2a80e69a46286ff145935f260eb8c72df7185bf048f502",
                "sha256:e5d2b9be5b0693cf21eb4ce0ec8d211efb43966f6657807f6859aab3814f946b",
                "sha256:e5ff52d790c7e1628241ffbcaeb33e07d14b007b6eb00a19320c7b8a7024c040",
                "sha256:e75a2ad7b647fd8046d58c3132d7eaf31b12d8a53c0e4b21fa9c4d23d6ee6d3c",
                "sha256:e7ac22a0bb2c7c49f441f7a6d46c9c80d96e56f5a8bc6972529ed43c8b694e27",
                "sha256:ed2144b8a78f9d94d9515963ed273d620e07846acd5d4b0a642d4849e8d91a0c",
                "sha256:f017a61399f13aa6d1039f75cd467be388d157cd81f1a119b9d9a68ba6f2830d",
                "sha256:f1d8a2a57b47142b10374902777e798784abf400a004b14f1b0b9eaf1e528ba4",
                "sha256:f2d32f95922927186c6dbc8bc60df0d186b6edb828d299ab10898ef3f40052fe",
                "sha256:f319bae0321bc838e205bf9e5bc28f0a3165f30c203b610f17ab5552cff90323",
                "sha256:f3c38e4e5ccbdc9198aecc766cedbb134b2d89bf64533973678dfcf07effd883",
                "sha256:f9983d01d7705b2d1f7a95e10bbe4091fabc03a46881a256c2787637b087003f",
                "sha256:fa260de59dfb143af06dcf30c2be0b200bed2a73737a8a59248fcb9fa601ef0f"
            ],
            "markers": "python_version >= '3.9'",
            "version": "==7.8.0"
        },
        "iniconfig": {
            "hashes": [
                "sha256:3abbd2e30b36733fee78f9c7f7308f2d0050e88f0087fd25c2645f63c773e1c7",
                "sha256:9deba5723312380e77435581c6bf4935c94cbfab9b1ed33ef8d238ea168eb760"
            ],
            "markers": "python_version >= '3.8'",
            "version": "==2.1.0"
        },
        "packaging": {
            "hashes": [
                "sha256:29572ef2b1f17581046b3a2227d5c611fb25ec70ca1ba8554b24b0e69331a484",
                "sha256:d443872c98d677bf60f6a1f2f8c1cb748e8fe762d2bf9d3148b5599295b0fc4f"
            ],
            "markers": "python_version >= '3.8'",
            "version": "==25.0"
        },
        "pluggy": {
            "hashes": [
                "sha256:2cffa88e94fdc978c4c574f15f9e59b7f4201d439195c3715ca9e2486f1d0cf1",
                "sha256:44e1ad92c8ca002de6377e165f3e0f1be63266ab4d554740532335b9d75ea669"
            ],
            "markers": "python_version >= '3.8'",
            "version": "==1.5.0"
        },
        "pytest": {
            "hashes": [
                "sha256:c69214aa47deac29fad6c2a4f590b9c4a9fdb16a403176fe154b79c0b4d4d820",
                "sha256:f4efe70cc14e511565ac476b57c279e12a855b11f48f212af1080ef2263d3845"
            ],
            "index": "pypi",
            "markers": "python_version >= '3.8'",
            "version": "==8.3.5"
        },
        "pytest-cov": {
            "hashes": [
                "sha256:261bb9e47e65bd099c89c3edf92972865210c36813f80ede5277dceb77a4a62a",
                "sha256:261ceeb8c227b726249b376b8526b600f38667ee314f910353fa318caa01f4d7"
            ],
            "index": "pypi",
            "markers": "python_version >= '2.7' and python_version not in '3.0, 3.1, 3.2, 3.3, 3.4'",
            "version": "==2.12.1"
        },
        "toml": {
            "hashes": [
                "sha256:806143ae5bfb6a3c6e736a764057db0e6a0e05e338b5630894a5f779cabb4f9b",
                "sha256:b3bda1d108d5dd99f4a20d24d9c348e91c4db7ab1b749200bded2f839ccbe68f"
            ],
            "markers": "python_version >= '2.6' and python_version not in '3.0, 3.1, 3.2'",
            "version": "==0.10.2"
        }
    }
}
